
Microsoft Visual Studio Solution File, Format Version 12.00
# Visual Studio Version 17
VisualStudioVersion = 17.4.33110.190
MinimumVisualStudioVersion = 10.0.40219.1
Project("{FAE04EC0-301F-11D3-BF4B-00C04F79EFBC}") = "ElbrusTech", "ElbrusTech\ElbrusTech.csproj", "{63DC3A55-BCEF-4593-AA7D-2D32DF125017}"
EndProject
Global
	GlobalSection(SolutionConfigurationPlatforms) = preSolution
		Debug|Any CPU = Debug|Any CPU
		Release|Any CPU = Release|Any CPU
	EndGlobalSection
	GlobalSection(ProjectConfigurationPlatforms) = postSolution
		{63DC3A55-BCEF-4593-AA7D-2D32DF125017}.Debug|Any CPU.ActiveCfg = Debug|Any CPU
		{63DC3A55-BCEF-4593-AA7D-2D32DF125017}.Debug|Any CPU.Build.0 = Debug|Any CPU
		{63DC3A55-BCEF-4593-AA7D-2D32DF125017}.Release|Any CPU.ActiveCfg = Release|Any CPU
		{63DC3A55-BCEF-4593-AA7D-2D32DF125017}.Release|Any CPU.Build.0 = Release|Any CPU
	EndGlobalSection
	GlobalSection(SolutionProperties) = preSolution
		HideSolutionNode = FALSE
	EndGlobalSection
	GlobalSection(ExtensibilityGlobals) = postSolution
		SolutionGuid = {5ADEB2BF-AE02-4016-A18C-46A55B1685AE}
	EndGlobalSection
EndGlobal
